
Microsoft Visual Studio Solution File, Format Version 12.00
# Visual Studio Version 17
VisualStudioVersion = 17.8.34316.72
MinimumVisualStudioVersion = 10.0.40219.1
Project("{FAE04EC0-301F-11D3-BF4B-00C04F79EFBC}") = "Weather.Maui", "Weather.Maui\Weather.Maui.csproj", "{2092AC50-ECC9-4007-8506-2D56C4897AB6}"
EndProject
Global
	GlobalSection(SolutionConfigurationPlatforms) = preSolution
		Debug|Any CPU = Debug|Any CPU
		Release|Any CPU = Release|Any CPU
	EndGlobalSection
	GlobalSection(ProjectConfigurationPlatforms) = postSolution
		{2092AC50-ECC9-4007-8506-2D56C4897AB6}.Debug|Any CPU.ActiveCfg = Debug|Any CPU
		{2092AC50-ECC9-4007-8506-2D56C4897AB6}.Debug|Any CPU.Build.0 = Debug|Any CPU
		{2092AC50-ECC9-4007-8506-2D56C4897AB6}.Debug|Any CPU.Deploy.0 = Debug|Any CPU
		{2092AC50-ECC9-4007-8506-2D56C4897AB6}.Release|Any CPU.ActiveCfg = Release|Any CPU
		{2092AC50-ECC9-4007-8506-2D56C4897AB6}.Release|Any CPU.Build.0 = Release|Any CPU
		{2092AC50-ECC9-4007-8506-2D56C4897AB6}.Release|Any CPU.Deploy.0 = Release|Any CPU
	EndGlobalSection
	GlobalSection(SolutionProperties) = preSolution
		HideSolutionNode = FALSE
	EndGlobalSection
	GlobalSection(ExtensibilityGlobals) = postSolution
		SolutionGuid = {B62E8720-F8AE-48B1-8E59-1720780A30B3}
	EndGlobalSection
EndGlobal
